
Microsoft Visual Studio Solution File, Format Version 12.00
# Visual Studio Version 16
VisualStudioVersion = 16.0.29509.3
MinimumVisualStudioVersion = 10.0.40219.1
Project("{FAE04EC0-301F-11D3-BF4B-00C04F79EFBC}") = "StudentManagement", "StudentManagement\StudentManagement.csproj", "{65939ADB-1C42-453D-B99A-4C661001C19A}"
EndProject
Global
	GlobalSection(SolutionConfigurationPlatforms) = preSolution
		Debug|Any CPU = Debug|Any CPU
		Release|Any CPU = Release|Any CPU
	EndGlobalSection
	GlobalSection(ProjectConfigurationPlatforms) = postSolution
		{65939ADB-1C42-453D-B99A-4C661001C19A}.Debug|Any CPU.ActiveCfg = Debug|Any CPU
		{65939ADB-1C42-453D-B99A-4C661001C19A}.Debug|Any CPU.Build.0 = Debug|Any CPU
		{65939ADB-1C42-453D-B99A-4C661001C19A}.Release|Any CPU.ActiveCfg = Release|Any CPU
		{65939ADB-1C42-453D-B99A-4C661001C19A}.Release|Any CPU.Build.0 = Release|Any CPU
	EndGlobalSection
	GlobalSection(SolutionProperties) = preSolution
		HideSolutionNode = FALSE
	EndGlobalSection
	GlobalSection(ExtensibilityGlobals) = postSolution
		SolutionGuid = {8FDBF461-3021-43F1-8786-3BFA97B497DD}
	EndGlobalSection
EndGlobal
